
Microsoft Visual Studio Solution File, Format Version 12.00
# Visual Studio 2013
VisualStudioVersion = 12.0.21005.1
MinimumVisualStudioVersion = 10.0.40219.1
Project("{FAE04EC0-301F-11D3-BF4B-00C04F79EFBC}") = "UNIQ", "UNIQ.csproj", "{560B4004-AD49-45BB-9B09-E645114E9AC0}"
EndProject
Project("{FAE04EC0-301F-11D3-BF4B-00C04F79EFBC}") = "COUNT", "..\COUNT\COUNT.csproj", "{A95E14E5-EB43-4011-93A9-2801B7C0B026}"
EndProject
Project("{FAE04EC0-301F-11D3-BF4B-00C04F79EFBC}") = "DUP", "DUP\DUP.csproj", "{813EABA2-B471-4374-AFE6-CB0AA1880BB2}"
EndProject
Project("{FAE04EC0-301F-11D3-BF4B-00C04F79EFBC}") = "FILTER", "FILTER\FILTER.csproj", "{AC4455A8-25DD-423C-83E4-5A90B41C84AF}"
EndProject
Project("{FAE04EC0-301F-11D3-BF4B-00C04F79EFBC}") = "CUSTOM", "CUSTOM\CUSTOM.csproj", "{9B789B68-3B26-4A66-ABAB-F7EBE97D27DD}"
EndProject
Project("{FAE04EC0-301F-11D3-BF4B-00C04F79EFBC}") = "PUPPET_MASTER", "..\PUPPET_MASTER\PUPPET_MASTER.csproj", "{E08C1DBE-0BA2-484E-BC98-78E683ECB0A2}"
EndProject
Global
	GlobalSection(SolutionConfigurationPlatforms) = preSolution
		Debug|Any CPU = Debug|Any CPU
		Release|Any CPU = Release|Any CPU
	EndGlobalSection
	GlobalSection(ProjectConfigurationPlatforms) = postSolution
		{560B4004-AD49-45BB-9B09-E645114E9AC0}.Debug|Any CPU.ActiveCfg = Debug|Any CPU
		{560B4004-AD49-45BB-9B09-E645114E9AC0}.Debug|Any CPU.Build.0 = Debug|Any CPU
		{560B4004-AD49-45BB-9B09-E645114E9AC0}.Release|Any CPU.ActiveCfg = Release|Any CPU
		{560B4004-AD49-45BB-9B09-E645114E9AC0}.Release|Any CPU.Build.0 = Release|Any CPU
		{A95E14E5-EB43-4011-93A9-2801B7C0B026}.Debug|Any CPU.ActiveCfg = Debug|Any CPU
		{A95E14E5-EB43-4011-93A9-2801B7C0B026}.Debug|Any CPU.Build.0 = Debug|Any CPU
		{A95E14E5-EB43-4011-93A9-2801B7C0B026}.Release|Any CPU.ActiveCfg = Release|Any CPU
		{A95E14E5-EB43-4011-93A9-2801B7C0B026}.Release|Any CPU.Build.0 = Release|Any CPU
		{813EABA2-B471-4374-AFE6-CB0AA1880BB2}.Debug|Any CPU.ActiveCfg = Debug|Any CPU
		{813EABA2-B471-4374-AFE6-CB0AA1880BB2}.Debug|Any CPU.Build.0 = Debug|Any CPU
		{813EABA2-B471-4374-AFE6-CB0AA1880BB2}.Release|Any CPU.ActiveCfg = Release|Any CPU
		{813EABA2-B471-4374-AFE6-CB0AA1880BB2}.Release|Any CPU.Build.0 = Release|Any CPU
		{AC4455A8-25DD-423C-83E4-5A90B41C84AF}.Debug|Any CPU.ActiveCfg = Debug|Any CPU
		{AC4455A8-25DD-423C-83E4-5A90B41C84AF}.Debug|Any CPU.Build.0 = Debug|Any CPU
		{AC4455A8-25DD-423C-83E4-5A90B41C84AF}.Release|Any CPU.ActiveCfg = Release|Any CPU
		{AC4455A8-25DD-423C-83E4-5A90B41C84AF}.Release|Any CPU.Build.0 = Release|Any CPU
		{9B789B68-3B26-4A66-ABAB-F7EBE97D27DD}.Debug|Any CPU.ActiveCfg = Debug|Any CPU
		{9B789B68-3B26-4A66-ABAB-F7EBE97D27DD}.Debug|Any CPU.Build.0 = Debug|Any CPU
		{9B789B68-3B26-4A66-ABAB-F7EBE97D27DD}.Release|Any CPU.ActiveCfg = Release|Any CPU
		{9B789B68-3B26-4A66-ABAB-F7EBE97D27DD}.Release|Any CPU.Build.0 = Release|Any CPU
		{E08C1DBE-0BA2-484E-BC98-78E683ECB0A2}.Debug|Any CPU.ActiveCfg = Debug|Any CPU
		{E08C1DBE-0BA2-484E-BC98-78E683ECB0A2}.Debug|Any CPU.Build.0 = Debug|Any CPU
		{E08C1DBE-0BA2-484E-BC98-78E683ECB0A2}.Release|Any CPU.ActiveCfg = Release|Any CPU
		{E08C1DBE-0BA2-484E-BC98-78E683ECB0A2}.Release|Any CPU.Build.0 = Release|Any CPU
	EndGlobalSection
	GlobalSection(SolutionProperties) = preSolution
		HideSolutionNode = FALSE
	EndGlobalSection
EndGlobal
